
Microsoft Visual Studio Solution File, Format Version 12.00
# Visual Studio 15
VisualStudioVersion = 15.0.28307.136
MinimumVisualStudioVersion = 10.0.40219.1
Project("{FAE04EC0-301F-11D3-BF4B-00C04F79EFBC}") = "PrismUnityTest", "PrismUnityTest\PrismUnityTest.csproj", "{9DAC2246-AFC9-4133-9110-2BA730D94EF8}"
EndProject
Global
	GlobalSection(SolutionConfigurationPlatforms) = preSolution
		Debug|Any CPU = Debug|Any CPU
		Release|Any CPU = Release|Any CPU
	EndGlobalSection
	GlobalSection(ProjectConfigurationPlatforms) = postSolution
		{9DAC2246-AFC9-4133-9110-2BA730D94EF8}.Debug|Any CPU.ActiveCfg = Debug|Any CPU
		{9DAC2246-AFC9-4133-9110-2BA730D94EF8}.Debug|Any CPU.Build.0 = Debug|Any CPU
		{9DAC2246-AFC9-4133-9110-2BA730D94EF8}.Release|Any CPU.ActiveCfg = Release|Any CPU
		{9DAC2246-AFC9-4133-9110-2BA730D94EF8}.Release|Any CPU.Build.0 = Release|Any CPU
	EndGlobalSection
	GlobalSection(SolutionProperties) = preSolution
		HideSolutionNode = FALSE
	EndGlobalSection
	GlobalSection(ExtensibilityGlobals) = postSolution
		SolutionGuid = {7372B379-FBAA-4C11-A145-FCBE5929A792}
	EndGlobalSection
EndGlobal
